
Microsoft Visual Studio Solution File, Format Version 12.00
# Visual Studio Version 16
VisualStudioVersion = 16.0.30804.86
MinimumVisualStudioVersion = 10.0.40219.1
Project("{FAE04EC0-301F-11D3-BF4B-00C04F79EFBC}") = "formmm", "formmm\formmm.csproj", "{F8724D96-4CCD-4FB5-BE97-E8F167FC9C7B}"
EndProject
Global
	GlobalSection(SolutionConfigurationPlatforms) = preSolution
		Debug|Any CPU = Debug|Any CPU
		Release|Any CPU = Release|Any CPU
	EndGlobalSection
	GlobalSection(ProjectConfigurationPlatforms) = postSolution
		{F8724D96-4CCD-4FB5-BE97-E8F167FC9C7B}.Debug|Any CPU.ActiveCfg = Debug|Any CPU
		{F8724D96-4CCD-4FB5-BE97-E8F167FC9C7B}.Debug|Any CPU.Build.0 = Debug|Any CPU
		{F8724D96-4CCD-4FB5-BE97-E8F167FC9C7B}.Release|Any CPU.ActiveCfg = Release|Any CPU
		{F8724D96-4CCD-4FB5-BE97-E8F167FC9C7B}.Release|Any CPU.Build.0 = Release|Any CPU
	EndGlobalSection
	GlobalSection(SolutionProperties) = preSolution
		HideSolutionNode = FALSE
	EndGlobalSection
	GlobalSection(ExtensibilityGlobals) = postSolution
		SolutionGuid = {6358D1D0-056B-4550-AC03-6E97ABDF9398}
	EndGlobalSection
EndGlobal
